<?xml version="1.0" encoding="utf-8"?>
<Project ToolsVersion="4.0" xmlns="http://schemas.microsoft.com/developer/msbuild/2003">
  <ItemGroup>
    <Filter Include="Source Files">
      <UniqueIdentifier>{4FC737F1-C7A5-4376-A066-2A32D752A2FF}</UniqueIdentifier>
      <Extensions>cpp;c;cc;cxx;def;odl;idl;hpj;bat;asm;asmx</Extensions>
    </Filter>
    <Filter Include="Header Files">
      <UniqueIdentifier>{93995380-89BD-4b04-88EB-625FBE52EBFB}</UniqueIdentifier>
      <Extensions>h;hh;hpp;hxx;hm;inl;inc;xsd</Extensions>
    </Filter>
    <Filter Include="Resource Files">
      <UniqueIdentifier>{67DA6AB6-F800-4c08-8B7A-83BB121AAD01}</UniqueIdentifier>
      <Extensions>rc;ico;cur;bmp;dlg;rc2;rct;bin;rgs;gif;jpg;jpeg;jpe;resx;tiff;tif;png;wav;mfcribbon-ms</Extensions>
    </Filter>
  </ItemGroup>
  <ItemGroup>
    <ClCompile Include="src\vendor\imgui\imgui.cpp">
      <Filter>Source Files</Filter>
    </ClCompile>
    <ClCompile Include="src\vendor\imgui\imgui_demo.cpp">
      <Filter>Source Files</Filter>
    </ClCompile>
    <ClCompile Include="src\vendor\imgui\imgui_draw.cpp">
      <Filter>Source Files</Filter>
    </ClCompile>
    <ClCompile Include="src\main.cpp">
      <Filter>Source Files</Filter>
    </ClCompile>
    <ClCompile Include="src\editor\input\InputManager.cpp">
      <Filter>Source Files</Filter>
    </ClCompile>
    <ClCompile Include="src\editor\input\JoystickInputData.cpp">
      <Filter>Source Files</Filter>
    </ClCompile>
    <ClCompile Include="src\editor\input\JoystickManager.cpp">
      <Filter>Source Files</Filter>
    </ClCompile>
    <ClCompile Include="src\editor\ui\DebugPane.cpp">
      <Filter>Source Files</Filter>
    </ClCompile>
    <ClCompile Include="src\editor\ui\Pane.cpp">
      <Filter>Source Files</Filter>
    </ClCompile>
    <ClCompile Include="src\editor\ui\RuntimePane.cpp">
      <Filter>Source Files</Filter>
    </ClCompile>
    <ClCompile Include="src\editor\utils\loaders\MeshLoader.cpp">
      <Filter>Source Files</Filter>
    </ClCompile>
    <ClCompile Include="src\editor\utils\loaders\ShaderLoader.cpp">
      <Filter>Source Files</Filter>
    </ClCompile>
    <ClCompile Include="src\editor\utils\loaders\TextureLoader.cpp">
      <Filter>Source Files</Filter>
    </ClCompile>
    <ClCompile Include="src\editor\utils\FileUtils.cpp">
      <Filter>Source Files</Filter>
    </ClCompile>
    <ClCompile Include="src\editor\Window.cpp">
      <Filter>Source Files</Filter>
    </ClCompile>
    <ClCompile Include="src\runtime\renderer\graphics\camera\CubemapCamera.cpp">
      <Filter>Source Files</Filter>
    </ClCompile>
    <ClCompile Include="src\runtime\renderer\graphics\camera\FPSCamera.cpp">
      <Filter>Source Files</Filter>
    </ClCompile>
    <ClCompile Include="src\runtime\renderer\graphics\ibl\LightProbe.cpp">
      <Filter>Source Files</Filter>
    </ClCompile>
    <ClCompile Include="src\runtime\renderer\graphics\ibl\ProbeManager.cpp">
      <Filter>Source Files</Filter>
    </ClCompile>
    <ClCompile Include="src\runtime\renderer\graphics\ibl\ReflectionProbe.cpp">
      <Filter>Source Files</Filter>
    </ClCompile>
    <ClCompile Include="src\runtime\renderer\graphics\lights\DirectionalLight.cpp">
      <Filter>Source Files</Filter>
    </ClCompile>
    <ClCompile Include="src\runtime\renderer\graphics\lights\DynamicLightManager.cpp">
      <Filter>Source Files</Filter>
    </ClCompile>
    <ClCompile Include="src\runtime\renderer\graphics\lights\Light.cpp">
      <Filter>Source Files</Filter>
    </ClCompile>
    <ClCompile Include="src\runtime\renderer\graphics\lights\PointLight.cpp">
      <Filter>Source Files</Filter>
    </ClCompile>
    <ClCompile Include="src\runtime\renderer\graphics\lights\SpotLight.cpp">
      <Filter>Source Files</Filter>
    </ClCompile>
    <ClCompile Include="src\runtime\renderer\graphics\mesh\common\Cube.cpp">
      <Filter>Source Files</Filter>
    </ClCompile>
    <ClCompile Include="src\runtime\renderer\graphics\mesh\common\Quad.cpp">
      <Filter>Source Files</Filter>
    </ClCompile>
    <ClCompile Include="src\runtime\renderer\graphics\mesh\common\Sphere.cpp">
      <Filter>Source Files</Filter>
    </ClCompile>
    <ClCompile Include="src\runtime\renderer\graphics\mesh\Material.cpp">
      <Filter>Source Files</Filter>
    </ClCompile>
    <ClCompile Include="src\runtime\renderer\graphics\mesh\Mesh.cpp">
      <Filter>Source Files</Filter>
    </ClCompile>
    <ClCompile Include="src\runtime\renderer\graphics\mesh\Model.cpp">
      <Filter>Source Files</Filter>
    </ClCompile>
    <ClCompile Include="src\runtime\renderer\graphics\renderer\renderpass\deferred\DeferredGeometryPass.cpp">
      <Filter>Source Files</Filter>
    </ClCompile>
    <ClCompile Include="src\runtime\renderer\graphics\renderer\renderpass\deferred\DeferredLightingPass.cpp">
      <Filter>Source Files</Filter>
    </ClCompile>
    <ClCompile Include="src\runtime\renderer\graphics\renderer\renderpass\deferred\PostGBufferForwardPass.cpp">
      <Filter>Source Files</Filter>
    </ClCompile>
    <ClCompile Include="src\runtime\renderer\graphics\renderer\renderpass\forward\ForwardLightingPass.cpp">
      <Filter>Source Files</Filter>
    </ClCompile>
    <ClCompile Include="src\runtime\renderer\graphics\renderer\renderpass\forward\ForwardProbePass.cpp">
      <Filter>Source Files</Filter>
    </ClCompile>
    <ClCompile Include="src\runtime\renderer\graphics\renderer\renderpass\PostProcessPass.cpp">
      <Filter>Source Files</Filter>
    </ClCompile>
    <ClCompile Include="src\runtime\renderer\graphics\renderer\renderpass\RenderPass.cpp">
      <Filter>Source Files</Filter>
    </ClCompile>
    <ClCompile Include="src\runtime\renderer\graphics\renderer\renderpass\ShadowmapPass.cpp">
      <Filter>Source Files</Filter>
    </ClCompile>
    <ClCompile Include="src\runtime\renderer\graphics\renderer\GLCache.cpp">
      <Filter>Source Files</Filter>
    </ClCompile>
    <ClCompile Include="src\runtime\renderer\graphics\renderer\MasterRenderer.cpp">
      <Filter>Source Files</Filter>
    </ClCompile>
    <ClCompile Include="src\runtime\renderer\graphics\renderer\ModelRenderer.cpp">
      <Filter>Source Files</Filter>
    </ClCompile>
    <ClCompile Include="src\runtime\renderer\graphics\texture\Cubemap.cpp">
      <Filter>Source Files</Filter>
    </ClCompile>
    <ClCompile Include="src\runtime\renderer\graphics\texture\Texture.cpp">
      <Filter>Source Files</Filter>
    </ClCompile>
    <ClCompile Include="src\runtime\renderer\graphics\Shader.cpp">
      <Filter>Source Files</Filter>
    </ClCompile>
    <ClCompile Include="src\runtime\renderer\graphics\Skybox.cpp">
      <Filter>Source Files</Filter>
    </ClCompile>
    <ClCompile Include="src\runtime\renderer\platform\OpenGL\Framebuffers\Framebuffer.cpp">
      <Filter>Source Files</Filter>
    </ClCompile>
    <ClCompile Include="src\runtime\renderer\platform\OpenGL\Framebuffers\GBuffer.cpp">
      <Filter>Source Files</Filter>
    </ClCompile>
    <ClCompile Include="src\runtime\renderer\platform\OpenGL\Buffer.cpp">
      <Filter>Source Files</Filter>
    </ClCompile>
    <ClCompile Include="src\runtime\renderer\platform\OpenGL\IndexBuffer.cpp">
      <Filter>Source Files</Filter>
    </ClCompile>
    <ClCompile Include="src\runtime\renderer\platform\OpenGL\VertexArray.cpp">
      <Filter>Source Files</Filter>
    </ClCompile>
    <ClCompile Include="src\runtime\renderer\scene\RenderableModel.cpp">
      <Filter>Source Files</Filter>
    </ClCompile>
    <ClCompile Include="src\runtime\renderer\scene\Scene3D.cpp">
      <Filter>Source Files</Filter>
    </ClCompile>
    <ClCompile Include="src\runtime\renderer\terrain\Terrain.cpp">
      <Filter>Source Files</Filter>
    </ClCompile>
    <ClCompile Include="src\runtime\renderer\utils\Logger.cpp">
      <Filter>Source Files</Filter>
    </ClCompile>
    <ClCompile Include="src\runtime\renderer\utils\Time.cpp">
      <Filter>Source Files</Filter>
    </ClCompile>
    <ClCompile Include="src\runtime\renderer\utils\Timer.cpp">
      <Filter>Source Files</Filter>
    </ClCompile>
    <ClCompile Include="src\vendor\imgui\imgui_impl_glfw.cpp">
      <Filter>Source Files</Filter>
    </ClCompile>
    <ClCompile Include="src\vendor\imgui\imgui_impl_opengl3.cpp">
      <Filter>Source Files</Filter>
    </ClCompile>
    <ClCompile Include="src\vendor\imgui\imgui_widgets.cpp">
      <Filter>Source Files</Filter>
    </ClCompile>
    <ClCompile Include="src\pch.cpp">
      <Filter>Source Files</Filter>
    </ClCompile>
    <ClCompile Include="src\editor\utils\Logger.cpp">
      <Filter>Source Files</Filter>
    </ClCompile>
  </ItemGroup>
  <ItemGroup>
    <ClInclude Include="src\vendor\imgui\imconfig.h">
      <Filter>Header Files</Filter>
    </ClInclude>
    <ClInclude Include="src\vendor\imgui\imgui.h">
      <Filter>Header Files</Filter>
    </ClInclude>
    <ClInclude Include="src\vendor\imgui\imgui_internal.h">
      <Filter>Header Files</Filter>
    </ClInclude>
    <ClInclude Include="src\vendor\imgui\stb_rect_pack.h">
      <Filter>Header Files</Filter>
    </ClInclude>
    <ClInclude Include="src\vendor\imgui\stb_textedit.h">
      <Filter>Header Files</Filter>
    </ClInclude>
    <ClInclude Include="src\vendor\imgui\stb_truetype.h">
      <Filter>Header Files</Filter>
    </ClInclude>
    <ClInclude Include="src\editor\input\InputManager.h">
      <Filter>Header Files</Filter>
    </ClInclude>
    <ClInclude Include="src\editor\input\JoystickInputData.h">
      <Filter>Header Files</Filter>
    </ClInclude>
    <ClInclude Include="src\editor\input\JoystickManager.h">
      <Filter>Header Files</Filter>
    </ClInclude>
    <ClInclude Include="src\editor\ui\DebugPane.h">
      <Filter>Header Files</Filter>
    </ClInclude>
    <ClInclude Include="src\editor\ui\Pane.h">
      <Filter>Header Files</Filter>
    </ClInclude>
    <ClInclude Include="src\editor\ui\RuntimePane.h">
      <Filter>Header Files</Filter>
    </ClInclude>
    <ClInclude Include="src\editor\utils\loaders\MeshLoader.h">
      <Filter>Header Files</Filter>
    </ClInclude>
    <ClInclude Include="src\editor\utils\loaders\ShaderLoader.h">
      <Filter>Header Files</Filter>
    </ClInclude>
    <ClInclude Include="src\editor\utils\loaders\TextureLoader.h">
      <Filter>Header Files</Filter>
    </ClInclude>
    <ClInclude Include="src\editor\utils\FileUtils.h">
      <Filter>Header Files</Filter>
    </ClInclude>
    <ClInclude Include="src\editor\Window.h">
      <Filter>Header Files</Filter>
    </ClInclude>
    <ClInclude Include="src\runtime\renderer\graphics\camera\CubemapCamera.h">
      <Filter>Header Files</Filter>
    </ClInclude>
    <ClInclude Include="src\runtime\renderer\graphics\camera\FPSCamera.h">
      <Filter>Header Files</Filter>
    </ClInclude>
    <ClInclude Include="src\runtime\renderer\graphics\camera\ICamera.h">
      <Filter>Header Files</Filter>
    </ClInclude>
    <ClInclude Include="src\runtime\renderer\graphics\ibl\LightProbe.h">
      <Filter>Header Files</Filter>
    </ClInclude>
    <ClInclude Include="src\runtime\renderer\graphics\ibl\ProbeManager.h">
      <Filter>Header Files</Filter>
    </ClInclude>
    <ClInclude Include="src\runtime\renderer\graphics\ibl\ReflectionProbe.h">
      <Filter>Header Files</Filter>
    </ClInclude>
    <ClInclude Include="src\runtime\renderer\graphics\lights\DirectionalLight.h">
      <Filter>Header Files</Filter>
    </ClInclude>
    <ClInclude Include="src\runtime\renderer\graphics\lights\DynamicLightManager.h">
      <Filter>Header Files</Filter>
    </ClInclude>
    <ClInclude Include="src\runtime\renderer\graphics\lights\Light.h">
      <Filter>Header Files</Filter>
    </ClInclude>
    <ClInclude Include="src\runtime\renderer\graphics\lights\PointLight.h">
      <Filter>Header Files</Filter>
    </ClInclude>
    <ClInclude Include="src\runtime\renderer\graphics\lights\SpotLight.h">
      <Filter>Header Files</Filter>
    </ClInclude>
    <ClInclude Include="src\runtime\renderer\graphics\mesh\common\Cube.h">
      <Filter>Header Files</Filter>
    </ClInclude>
    <ClInclude Include="src\runtime\renderer\graphics\mesh\common\Quad.h">
      <Filter>Header Files</Filter>
    </ClInclude>
    <ClInclude Include="src\runtime\renderer\graphics\mesh\common\Sphere.h">
      <Filter>Header Files</Filter>
    </ClInclude>
    <ClInclude Include="src\runtime\renderer\graphics\mesh\Material.h">
      <Filter>Header Files</Filter>
    </ClInclude>
    <ClInclude Include="src\runtime\renderer\graphics\mesh\Mesh.h">
      <Filter>Header Files</Filter>
    </ClInclude>
    <ClInclude Include="src\runtime\renderer\graphics\mesh\Model.h">
      <Filter>Header Files</Filter>
    </ClInclude>
    <ClInclude Include="src\runtime\renderer\graphics\renderer\renderpass\deferred\DeferredGeometryPass.h">
      <Filter>Header Files</Filter>
    </ClInclude>
    <ClInclude Include="src\runtime\renderer\graphics\renderer\renderpass\deferred\DeferredLightingPass.h">
      <Filter>Header Files</Filter>
    </ClInclude>
    <ClInclude Include="src\runtime\renderer\graphics\renderer\renderpass\deferred\PostGBufferForwardPass.h">
      <Filter>Header Files</Filter>
    </ClInclude>
    <ClInclude Include="src\runtime\renderer\graphics\renderer\renderpass\forward\ForwardLightingPass.h">
      <Filter>Header Files</Filter>
    </ClInclude>
    <ClInclude Include="src\runtime\renderer\graphics\renderer\renderpass\forward\ForwardProbePass.h">
      <Filter>Header Files</Filter>
    </ClInclude>
    <ClInclude Include="src\runtime\renderer\graphics\renderer\renderpass\PostProcessPass.h">
      <Filter>Header Files</Filter>
    </ClInclude>
    <ClInclude Include="src\runtime\renderer\graphics\renderer\renderpass\RenderPass.h">
      <Filter>Header Files</Filter>
    </ClInclude>
    <ClInclude Include="src\runtime\renderer\graphics\renderer\renderpass\RenderPassType.h">
      <Filter>Header Files</Filter>
    </ClInclude>
    <ClInclude Include="src\runtime\renderer\graphics\renderer\renderpass\ShadowmapPass.h">
      <Filter>Header Files</Filter>
    </ClInclude>
    <ClInclude Include="src\runtime\renderer\graphics\renderer\GLCache.h">
      <Filter>Header Files</Filter>
    </ClInclude>
    <ClInclude Include="src\runtime\renderer\graphics\renderer\MasterRenderer.h">
      <Filter>Header Files</Filter>
    </ClInclude>
    <ClInclude Include="src\runtime\renderer\graphics\renderer\ModelRenderer.h">
      <Filter>Header Files</Filter>
    </ClInclude>
    <ClInclude Include="src\runtime\renderer\graphics\texture\Cubemap.h">
      <Filter>Header Files</Filter>
    </ClInclude>
    <ClInclude Include="src\runtime\renderer\graphics\texture\Texture.h">
      <Filter>Header Files</Filter>
    </ClInclude>
    <ClInclude Include="src\runtime\renderer\graphics\Shader.h">
      <Filter>Header Files</Filter>
    </ClInclude>
    <ClInclude Include="src\runtime\renderer\graphics\Skybox.h">
      <Filter>Header Files</Filter>
    </ClInclude>
    <ClInclude Include="src\runtime\renderer\platform\OpenGL\Framebuffers\Framebuffer.h">
      <Filter>Header Files</Filter>
    </ClInclude>
    <ClInclude Include="src\runtime\renderer\platform\OpenGL\Framebuffers\GBuffer.h">
      <Filter>Header Files</Filter>
    </ClInclude>
    <ClInclude Include="src\runtime\renderer\platform\OpenGL\Buffer.h">
      <Filter>Header Files</Filter>
    </ClInclude>
    <ClInclude Include="src\runtime\renderer\platform\OpenGL\IndexBuffer.h">
      <Filter>Header Files</Filter>
    </ClInclude>
    <ClInclude Include="src\runtime\renderer\platform\OpenGL\VertexArray.h">
      <Filter>Header Files</Filter>
    </ClInclude>
    <ClInclude Include="src\runtime\renderer\scene\RenderableModel.h">
      <Filter>Header Files</Filter>
    </ClInclude>
    <ClInclude Include="src\runtime\renderer\scene\Scene3D.h">
      <Filter>Header Files</Filter>
    </ClInclude>
    <ClInclude Include="src\runtime\renderer\terrain\Terrain.h">
      <Filter>Header Files</Filter>
    </ClInclude>
    <ClInclude Include="src\runtime\renderer\utils\Logger.h">
      <Filter>Header Files</Filter>
    </ClInclude>
    <ClInclude Include="src\runtime\renderer\utils\Singleton.h">
      <Filter>Header Files</Filter>
    </ClInclude>
    <ClInclude Include="src\runtime\renderer\utils\Time.h">
      <Filter>Header Files</Filter>
    </ClInclude>
    <ClInclude Include="src\runtime\renderer\utils\Timer.h">
      <Filter>Header Files</Filter>
    </ClInclude>
    <ClInclude Include="src\runtime\renderer\Defs.h">
      <Filter>Header Files</Filter>
    </ClInclude>
    <ClInclude Include="src\vendor\imgui\imgui_impl_glfw.h">
      <Filter>Header Files</Filter>
    </ClInclude>
    <ClInclude Include="src\vendor\imgui\imgui_impl_opengl3.h">
      <Filter>Header Files</Filter>
    </ClInclude>
    <ClInclude Include="src\vendor\imgui\imstb_rectpack.h">
      <Filter>Header Files</Filter>
    </ClInclude>
    <ClInclude Include="src\vendor\imgui\imstb_textedit.h">
      <Filter>Header Files</Filter>
    </ClInclude>
    <ClInclude Include="src\vendor\imgui\imstb_truetype.h">
      <Filter>Header Files</Filter>
    </ClInclude>
    <ClInclude Include="src\pch.h">
      <Filter>Header Files</Filter>
    </ClInclude>
    <ClInclude Include="src\vendor\spdlog\include\spdlog\details\circular_q.h">
      <Filter>Header Files</Filter>
    </ClInclude>
    <ClInclude Include="src\vendor\spdlog\include\spdlog\details\console_globals.h">
      <Filter>Header Files</Filter>
    </ClInclude>
    <ClInclude Include="src\vendor\spdlog\include\spdlog\details\file_helper.h">
      <Filter>Header Files</Filter>
    </ClInclude>
    <ClInclude Include="src\vendor\spdlog\include\spdlog\details\fmt_helper.h">
      <Filter>Header Files</Filter>
    </ClInclude>
    <ClInclude Include="src\vendor\spdlog\include\spdlog\details\log_msg.h">
      <Filter>Header Files</Filter>
    </ClInclude>
    <ClInclude Include="src\vendor\spdlog\include\spdlog\details\mpmc_blocking_q.h">
      <Filter>Header Files</Filter>
    </ClInclude>
    <ClInclude Include="src\vendor\spdlog\include\spdlog\details\null_mutex.h">
      <Filter>Header Files</Filter>
    </ClInclude>
    <ClInclude Include="src\vendor\spdlog\include\spdlog\details\os.h">
      <Filter>Header Files</Filter>
    </ClInclude>
    <ClInclude Include="src\vendor\spdlog\include\spdlog\details\pattern_formatter.h">
      <Filter>Header Files</Filter>
    </ClInclude>
    <ClInclude Include="src\vendor\spdlog\include\spdlog\details\periodic_worker.h">
      <Filter>Header Files</Filter>
    </ClInclude>
    <ClInclude Include="src\vendor\spdlog\include\spdlog\details\registry.h">
      <Filter>Header Files</Filter>
    </ClInclude>
    <ClInclude Include="src\vendor\spdlog\include\spdlog\details\thread_pool.h">
      <Filter>Header Files</Filter>
    </ClInclude>
    <ClInclude Include="src\vendor\spdlog\include\spdlog\sinks\android_sink.h">
      <Filter>Header Files</Filter>
    </ClInclude>
    <ClInclude Include="src\vendor\spdlog\include\spdlog\sinks\ansicolor_sink.h">
      <Filter>Header Files</Filter>
    </ClInclude>
    <ClInclude Include="src\vendor\spdlog\include\spdlog\sinks\base_sink.h">
      <Filter>Header Files</Filter>
    </ClInclude>
    <ClInclude Include="src\vendor\spdlog\include\spdlog\sinks\basic_file_sink.h">
      <Filter>Header Files</Filter>
    </ClInclude>
    <ClInclude Include="src\vendor\spdlog\include\spdlog\sinks\daily_file_sink.h">
      <Filter>Header Files</Filter>
    </ClInclude>
    <ClInclude Include="src\vendor\spdlog\include\spdlog\sinks\dist_sink.h">
      <Filter>Header Files</Filter>
    </ClInclude>
    <ClInclude Include="src\vendor\spdlog\include\spdlog\sinks\dup_filter_sink.h">
      <Filter>Header Files</Filter>
    </ClInclude>
    <ClInclude Include="src\vendor\spdlog\include\spdlog\sinks\msvc_sink.h">
      <Filter>Header Files</Filter>
    </ClInclude>
    <ClInclude Include="src\vendor\spdlog\include\spdlog\sinks\null_sink.h">
      <Filter>Header Files</Filter>
    </ClInclude>
    <ClInclude Include="src\vendor\spdlog\include\spdlog\sinks\ostream_sink.h">
      <Filter>Header Files</Filter>
    </ClInclude>
    <ClInclude Include="src\vendor\spdlog\include\spdlog\sinks\rotating_file_sink.h">
      <Filter>Header Files</Filter>
    </ClInclude>
    <ClInclude Include="src\vendor\spdlog\include\spdlog\sinks\sink.h">
      <Filter>Header Files</Filter>
    </ClInclude>
    <ClInclude Include="src\vendor\spdlog\include\spdlog\sinks\sink-inl.h">
      <Filter>Header Files</Filter>
    </ClInclude>
    <ClInclude Include="src\vendor\spdlog\include\spdlog\sinks\stdout_color_sinks.h">
      <Filter>Header Files</Filter>
    </ClInclude>
    <ClInclude Include="src\vendor\spdlog\include\spdlog\sinks\stdout_sinks.h">
      <Filter>Header Files</Filter>
    </ClInclude>
    <ClInclude Include="src\vendor\spdlog\include\spdlog\sinks\syslog_sink.h">
      <Filter>Header Files</Filter>
    </ClInclude>
    <ClInclude Include="src\vendor\spdlog\include\spdlog\sinks\systemd_sink.h">
      <Filter>Header Files</Filter>
    </ClInclude>
    <ClInclude Include="src\vendor\spdlog\include\spdlog\sinks\wincolor_sink.h">
      <Filter>Header Files</Filter>
    </ClInclude>
    <ClInclude Include="src\vendor\spdlog\include\spdlog\async.h">
      <Filter>Header Files</Filter>
    </ClInclude>
    <ClInclude Include="src\vendor\spdlog\include\spdlog\async_logger.h">
      <Filter>Header Files</Filter>
    </ClInclude>
    <ClInclude Include="src\vendor\spdlog\include\spdlog\common.h">
      <Filter>Header Files</Filter>
    </ClInclude>
    <ClInclude Include="src\vendor\spdlog\include\spdlog\formatter.h">
      <Filter>Header Files</Filter>
    </ClInclude>
    <ClInclude Include="src\vendor\spdlog\include\spdlog\logger.h">
      <Filter>Header Files</Filter>
    </ClInclude>
    <ClInclude Include="src\vendor\spdlog\include\spdlog\spdlog.h">
      <Filter>Header Files</Filter>
    </ClInclude>
    <ClInclude Include="src\vendor\spdlog\include\spdlog\tweakme.h">
      <Filter>Header Files</Filter>
    </ClInclude>
    <ClInclude Include="src\vendor\spdlog\include\spdlog\version.h">
      <Filter>Header Files</Filter>
    </ClInclude>
    <ClInclude Include="src\editor\utils\Logger.h">
      <Filter>Header Files</Filter>
    </ClInclude>
  </ItemGroup>
  <ItemGroup>
    <Image Include="res\container.jpg">
      <Filter>Resource Files</Filter>
    </Image>
    <Image Include="res\awesomeface.png">
      <Filter>Resource Files</Filter>
    </Image>
    <Image Include="res\container2.png">
      <Filter>Resource Files</Filter>
    </Image>
    <Image Include="res\container2_specular.png">
      <Filter>Resource Files</Filter>
    </Image>
    <Image Include="res\matrix.jpg">
      <Filter>Resource Files</Filter>
    </Image>
    <Image Include="res\container2_emission.png">
      <Filter>Resource Files</Filter>
    </Image>
    <Image Include="res\terrain\blendMap.png">
      <Filter>Resource Files</Filter>
    </Image>
    <Image Include="res\terrain\dirt.png">
      <Filter>Resource Files</Filter>
    </Image>
    <Image Include="res\terrain\grass.png">
      <Filter>Resource Files</Filter>
    </Image>
    <Image Include="res\terrain\sand.png">
      <Filter>Resource Files</Filter>
    </Image>
    <Image Include="res\terrain\stone.png">
      <Filter>Resource Files</Filter>
    </Image>
    <Image Include="res\terrain\heightMap.png">
      <Filter>Resource Files</Filter>
    </Image>
    <Image Include="res\skybox\back.png">
      <Filter>Resource Files</Filter>
    </Image>
    <Image Include="res\skybox\bottom.png">
      <Filter>Resource Files</Filter>
    </Image>
    <Image Include="res\skybox\left.png">
      <Filter>Resource Files</Filter>
    </Image>
    <Image Include="res\skybox\front.png">
      <Filter>Resource Files</Filter>
    </Image>
    <Image Include="res\skybox\right.png">
      <Filter>Resource Files</Filter>
    </Image>
    <Image Include="res\skybox\top.png">
      <Filter>Resource Files</Filter>
    </Image>
    <Image Include="res\textures\fullSpec.png">
      <Filter>Resource Files</Filter>
    </Image>
    <Image Include="res\textures\grass.png">
      <Filter>Resource Files</Filter>
    </Image>
    <Image Include="res\textures\noSpec.png">
      <Filter>Resource Files</Filter>
    </Image>
    <Image Include="res\textures\window.png">
      <Filter>Resource Files</Filter>
    </Image>
  </ItemGroup>
</Project>