<?xml version="1.0" encoding="utf-8"?>
<Project ToolsVersion="4.0" xmlns="http://schemas.microsoft.com/developer/msbuild/2003">
  <ItemGroup>
    <ClCompile Include="src\editor\input\InputManager.cpp" />
    <ClCompile Include="src\editor\input\JoystickInputData.cpp" />
    <ClCompile Include="src\editor\input\JoystickManager.cpp" />
    <ClCompile Include="src\editor\ui\DebugPane.cpp" />
    <ClCompile Include="src\editor\ui\Pane.cpp" />
    <ClCompile Include="src\editor\ui\RuntimePane.cpp" />
    <ClCompile Include="src\editor\utils\FileUtils.cpp" />
    <ClCompile Include="src\editor\utils\loaders\ShaderLoader.cpp" />
    <ClCompile Include="src\editor\utils\loaders\TextureLoader.cpp" />
    <ClCompile Include="src\editor\utils\Logger.cpp" />
    <ClCompile Include="src\editor\Window.cpp" />
    <ClCompile Include="src\main.cpp" />
    <ClCompile Include="src\pch.cpp" />
    <ClCompile Include="src\runtime\renderer\graphics\camera\CubemapCamera.cpp" />
    <ClCompile Include="src\runtime\renderer\graphics\camera\FPSCamera.cpp" />
    <ClCompile Include="src\runtime\renderer\graphics\ibl\LightProbe.cpp" />
    <ClCompile Include="src\runtime\renderer\graphics\ibl\ProbeManager.cpp" />
    <ClCompile Include="src\runtime\renderer\graphics\ibl\ReflectionProbe.cpp" />
    <ClCompile Include="src\runtime\renderer\graphics\lights\DirectionalLight.cpp" />
    <ClCompile Include="src\runtime\renderer\graphics\lights\DynamicLightManager.cpp" />
    <ClCompile Include="src\runtime\renderer\graphics\lights\Light.cpp" />
    <ClCompile Include="src\runtime\renderer\graphics\lights\PointLight.cpp" />
    <ClCompile Include="src\runtime\renderer\graphics\lights\SpotLight.cpp" />
    <ClCompile Include="src\runtime\renderer\graphics\mesh\common\Cube.cpp" />
    <ClCompile Include="src\runtime\renderer\graphics\mesh\common\Quad.cpp" />
    <ClCompile Include="src\runtime\renderer\graphics\mesh\common\Sphere.cpp" />
    <ClCompile Include="src\runtime\renderer\graphics\mesh\Material.cpp" />
    <ClCompile Include="src\runtime\renderer\graphics\mesh\Mesh.cpp" />
    <ClCompile Include="src\runtime\renderer\graphics\mesh\Model.cpp" />
    <ClCompile Include="src\runtime\renderer\graphics\renderer\GLCache.cpp" />
    <ClCompile Include="src\runtime\renderer\graphics\renderer\MasterRenderer.cpp" />
    <ClCompile Include="src\runtime\renderer\graphics\renderer\ModelRenderer.cpp" />
    <ClCompile Include="src\runtime\renderer\graphics\renderer\renderpass\deferred\DeferredGeometryPass.cpp" />
    <ClCompile Include="src\runtime\renderer\graphics\renderer\renderpass\deferred\DeferredLightingPass.cpp" />
    <ClCompile Include="src\runtime\renderer\graphics\renderer\renderpass\deferred\PostGBufferForwardPass.cpp" />
    <ClCompile Include="src\runtime\renderer\graphics\renderer\renderpass\forward\ForwardLightingPass.cpp" />
    <ClCompile Include="src\runtime\renderer\graphics\renderer\renderpass\forward\ForwardProbePass.cpp" />
    <ClCompile Include="src\runtime\renderer\graphics\renderer\renderpass\PostProcessPass.cpp" />
    <ClCompile Include="src\runtime\renderer\graphics\renderer\renderpass\RenderPass.cpp" />
    <ClCompile Include="src\runtime\renderer\graphics\renderer\renderpass\ShadowmapPass.cpp" />
    <ClCompile Include="src\runtime\renderer\graphics\Shader.cpp" />
    <ClCompile Include="src\runtime\renderer\graphics\Skybox.cpp" />
    <ClCompile Include="src\runtime\renderer\graphics\texture\Cubemap.cpp" />
    <ClCompile Include="src\runtime\renderer\graphics\texture\Texture.cpp" />
    <ClCompile Include="src\runtime\renderer\platform\OpenGL\Buffer.cpp" />
    <ClCompile Include="src\runtime\renderer\platform\OpenGL\Framebuffers\Framebuffer.cpp" />
    <ClCompile Include="src\runtime\renderer\platform\OpenGL\Framebuffers\GBuffer.cpp" />
    <ClCompile Include="src\runtime\renderer\platform\OpenGL\IndexBuffer.cpp" />
    <ClCompile Include="src\runtime\renderer\platform\OpenGL\VertexArray.cpp" />
    <ClCompile Include="src\runtime\renderer\scene\RenderableModel.cpp" />
    <ClCompile Include="src\runtime\renderer\scene\Scene3D.cpp" />
    <ClCompile Include="src\runtime\renderer\terrain\Terrain.cpp" />
    <ClCompile Include="src\runtime\renderer\utils\Time.cpp" />
    <ClCompile Include="src\runtime\renderer\utils\Timer.cpp" />
    <ClCompile Include="src\vendor\imgui\include\imgui_impl_glfw.cpp" />
    <ClCompile Include="src\vendor\imgui\include\imgui_impl_opengl3.cpp" />
  </ItemGroup>
  <ItemGroup>
    <ClInclude Include="src\editor\input\InputManager.h" />
    <ClInclude Include="src\editor\input\JoystickInputData.h" />
    <ClInclude Include="src\editor\input\JoystickManager.h" />
    <ClInclude Include="src\editor\ui\DebugPane.h" />
    <ClInclude Include="src\editor\ui\Pane.h" />
    <ClInclude Include="src\editor\ui\RuntimePane.h" />
    <ClInclude Include="src\editor\utils\FileUtils.h" />
    <ClInclude Include="src\editor\utils\loaders\ShaderLoader.h" />
    <ClInclude Include="src\editor\utils\loaders\TextureLoader.h" />
    <ClInclude Include="src\editor\utils\Logger.h" />
    <ClInclude Include="src\editor\Window.h" />
    <ClInclude Include="src\pch.h" />
    <ClInclude Include="src\runtime\renderer\Defs.h" />
    <ClInclude Include="src\runtime\renderer\graphics\camera\CubemapCamera.h" />
    <ClInclude Include="src\runtime\renderer\graphics\camera\FPSCamera.h" />
    <ClInclude Include="src\runtime\renderer\graphics\camera\ICamera.h" />
    <ClInclude Include="src\runtime\renderer\graphics\ibl\LightProbe.h" />
    <ClInclude Include="src\runtime\renderer\graphics\ibl\ProbeManager.h" />
    <ClInclude Include="src\runtime\renderer\graphics\ibl\ReflectionProbe.h" />
    <ClInclude Include="src\runtime\renderer\graphics\lights\DirectionalLight.h" />
    <ClInclude Include="src\runtime\renderer\graphics\lights\DynamicLightManager.h" />
    <ClInclude Include="src\runtime\renderer\graphics\lights\Light.h" />
    <ClInclude Include="src\runtime\renderer\graphics\lights\PointLight.h" />
    <ClInclude Include="src\runtime\renderer\graphics\lights\SpotLight.h" />
    <ClInclude Include="src\runtime\renderer\graphics\mesh\common\Cube.h" />
    <ClInclude Include="src\runtime\renderer\graphics\mesh\common\Quad.h" />
    <ClInclude Include="src\runtime\renderer\graphics\mesh\common\Sphere.h" />
    <ClInclude Include="src\runtime\renderer\graphics\mesh\Material.h" />
    <ClInclude Include="src\runtime\renderer\graphics\mesh\Mesh.h" />
    <ClInclude Include="src\runtime\renderer\graphics\mesh\Model.h" />
    <ClInclude Include="src\runtime\renderer\graphics\renderer\GLCache.h" />
    <ClInclude Include="src\runtime\renderer\graphics\renderer\MasterRenderer.h" />
    <ClInclude Include="src\runtime\renderer\graphics\renderer\ModelRenderer.h" />
    <ClInclude Include="src\runtime\renderer\graphics\renderer\renderpass\deferred\DeferredGeometryPass.h" />
    <ClInclude Include="src\runtime\renderer\graphics\renderer\renderpass\deferred\DeferredLightingPass.h" />
    <ClInclude Include="src\runtime\renderer\graphics\renderer\renderpass\deferred\PostGBufferForwardPass.h" />
    <ClInclude Include="src\runtime\renderer\graphics\renderer\renderpass\forward\ForwardLightingPass.h" />
    <ClInclude Include="src\runtime\renderer\graphics\renderer\renderpass\forward\ForwardProbePass.h" />
    <ClInclude Include="src\runtime\renderer\graphics\renderer\renderpass\PostProcessPass.h" />
    <ClInclude Include="src\runtime\renderer\graphics\renderer\renderpass\RenderPass.h" />
    <ClInclude Include="src\runtime\renderer\graphics\renderer\renderpass\RenderPassType.h" />
    <ClInclude Include="src\runtime\renderer\graphics\renderer\renderpass\ShadowmapPass.h" />
    <ClInclude Include="src\runtime\renderer\graphics\Shader.h" />
    <ClInclude Include="src\runtime\renderer\graphics\Skybox.h" />
    <ClInclude Include="src\runtime\renderer\graphics\texture\Cubemap.h" />
    <ClInclude Include="src\runtime\renderer\graphics\texture\Texture.h" />
    <ClInclude Include="src\runtime\renderer\platform\OpenGL\Buffer.h" />
    <ClInclude Include="src\runtime\renderer\platform\OpenGL\Framebuffers\Framebuffer.h" />
    <ClInclude Include="src\runtime\renderer\platform\OpenGL\Framebuffers\GBuffer.h" />
    <ClInclude Include="src\runtime\renderer\platform\OpenGL\IndexBuffer.h" />
    <ClInclude Include="src\runtime\renderer\platform\OpenGL\VertexArray.h" />
    <ClInclude Include="src\runtime\renderer\scene\RenderableModel.h" />
    <ClInclude Include="src\runtime\renderer\scene\Scene3D.h" />
    <ClInclude Include="src\runtime\renderer\terrain\Terrain.h" />
    <ClInclude Include="src\runtime\renderer\utils\Singleton.h" />
    <ClInclude Include="src\runtime\renderer\utils\Time.h" />
    <ClInclude Include="src\runtime\renderer\utils\Timer.h" />
    <ClInclude Include="src\vendor\imgui\imconfig.h" />
    <ClInclude Include="src\vendor\imgui\imgui.h" />
    <ClInclude Include="src\vendor\imgui\imgui_impl_glfw.h" />
    <ClInclude Include="src\vendor\imgui\imgui_impl_opengl3.h" />
    <ClInclude Include="src\vendor\imgui\imgui_internal.h" />
    <ClInclude Include="src\vendor\imgui\imstb_rectpack.h" />
    <ClInclude Include="src\vendor\imgui\imstb_textedit.h" />
    <ClInclude Include="src\vendor\imgui\imstb_truetype.h" />
    <ClInclude Include="src\vendor\imgui\include\imgui_impl_glfw.h" />
    <ClInclude Include="src\vendor\imgui\include\imgui_impl_opengl3.h" />
    <ClInclude Include="src\vendor\imgui\stb_rect_pack.h" />
    <ClInclude Include="src\vendor\imgui\stb_textedit.h" />
    <ClInclude Include="src\vendor\imgui\stb_truetype.h" />
    <ClInclude Include="src\vendor\spdlog\include\spdlog\async.h" />
    <ClInclude Include="src\vendor\spdlog\include\spdlog\async_logger.h" />
    <ClInclude Include="src\vendor\spdlog\include\spdlog\common.h" />
    <ClInclude Include="src\vendor\spdlog\include\spdlog\details\circular_q.h" />
    <ClInclude Include="src\vendor\spdlog\include\spdlog\details\console_globals.h" />
    <ClInclude Include="src\vendor\spdlog\include\spdlog\details\file_helper.h" />
    <ClInclude Include="src\vendor\spdlog\include\spdlog\details\fmt_helper.h" />
    <ClInclude Include="src\vendor\spdlog\include\spdlog\details\log_msg.h" />
    <ClInclude Include="src\vendor\spdlog\include\spdlog\details\mpmc_blocking_q.h" />
    <ClInclude Include="src\vendor\spdlog\include\spdlog\details\null_mutex.h" />
    <ClInclude Include="src\vendor\spdlog\include\spdlog\details\os.h" />
    <ClInclude Include="src\vendor\spdlog\include\spdlog\details\pattern_formatter.h" />
    <ClInclude Include="src\vendor\spdlog\include\spdlog\details\periodic_worker.h" />
    <ClInclude Include="src\vendor\spdlog\include\spdlog\details\registry.h" />
    <ClInclude Include="src\vendor\spdlog\include\spdlog\details\thread_pool.h" />
    <ClInclude Include="src\vendor\spdlog\include\spdlog\formatter.h" />
    <ClInclude Include="src\vendor\spdlog\include\spdlog\logger.h" />
    <ClInclude Include="src\vendor\spdlog\include\spdlog\sinks\android_sink.h" />
    <ClInclude Include="src\vendor\spdlog\include\spdlog\sinks\ansicolor_sink.h" />
    <ClInclude Include="src\vendor\spdlog\include\spdlog\sinks\base_sink.h" />
    <ClInclude Include="src\vendor\spdlog\include\spdlog\sinks\basic_file_sink.h" />
    <ClInclude Include="src\vendor\spdlog\include\spdlog\sinks\daily_file_sink.h" />
    <ClInclude Include="src\vendor\spdlog\include\spdlog\sinks\dist_sink.h" />
    <ClInclude Include="src\vendor\spdlog\include\spdlog\sinks\dup_filter_sink.h" />
    <ClInclude Include="src\vendor\spdlog\include\spdlog\sinks\msvc_sink.h" />
    <ClInclude Include="src\vendor\spdlog\include\spdlog\sinks\null_sink.h" />
    <ClInclude Include="src\vendor\spdlog\include\spdlog\sinks\ostream_sink.h" />
    <ClInclude Include="src\vendor\spdlog\include\spdlog\sinks\rotating_file_sink.h" />
    <ClInclude Include="src\vendor\spdlog\include\spdlog\sinks\sink-inl.h" />
    <ClInclude Include="src\vendor\spdlog\include\spdlog\sinks\sink.h" />
    <ClInclude Include="src\vendor\spdlog\include\spdlog\sinks\stdout_color_sinks.h" />
    <ClInclude Include="src\vendor\spdlog\include\spdlog\sinks\stdout_sinks.h" />
    <ClInclude Include="src\vendor\spdlog\include\spdlog\sinks\syslog_sink.h" />
    <ClInclude Include="src\vendor\spdlog\include\spdlog\sinks\systemd_sink.h" />
    <ClInclude Include="src\vendor\spdlog\include\spdlog\sinks\wincolor_sink.h" />
    <ClInclude Include="src\vendor\spdlog\include\spdlog\spdlog.h" />
    <ClInclude Include="src\vendor\spdlog\include\spdlog\tweakme.h" />
    <ClInclude Include="src\vendor\spdlog\include\spdlog\version.h" />
  </ItemGroup>
  <ItemGroup>
    <Image Include="res\awesomeface.png" />
    <Image Include="res\container.jpg" />
    <Image Include="res\container2.png" />
    <Image Include="res\container2_emission.png" />
    <Image Include="res\container2_specular.png" />
    <Image Include="res\matrix.jpg" />
    <Image Include="res\skybox\back.png" />
    <Image Include="res\skybox\bottom.png" />
    <Image Include="res\skybox\front.png" />
    <Image Include="res\skybox\left.png" />
    <Image Include="res\skybox\right.png" />
    <Image Include="res\skybox\top.png" />
    <Image Include="res\terrain\blendMap.png" />
    <Image Include="res\terrain\dirt.png" />
    <Image Include="res\terrain\grass.png" />
    <Image Include="res\terrain\heightMap.png" />
    <Image Include="res\terrain\sand.png" />
    <Image Include="res\terrain\stone.png" />
    <Image Include="res\textures\fullSpec.png" />
    <Image Include="res\textures\grass.png" />
    <Image Include="res\textures\noSpec.png" />
    <Image Include="res\textures\window.png" />
  </ItemGroup>
  <ItemGroup>
    <None Include="src\runtime\renderer\shaders\post_process\bloom\BloomBrightPass.glsl" />
    <None Include="src\runtime\renderer\shaders\post_process\bloom\BloomGaussianBlur.glsl" />
    <None Include="src\runtime\renderer\shaders\BRDF_Integration.glsl" />
    <None Include="src\runtime\renderer\shaders\compute\frame_luminance.comp" />
    <None Include="src\runtime\renderer\shaders\compute\Scene_Luminance.glsl" />
    <None Include="src\runtime\renderer\shaders\deferred\PBR_LightingPass.glsl" />
    <None Include="src\runtime\renderer\shaders\deferred\PBR_Model_GeometryPass.glsl" />
    <None Include="src\runtime\renderer\shaders\deferred\PBR_Terrain_GeometryPass.glsl" />
    <None Include="src\runtime\renderer\shaders\directionalLight.frag" />
    <None Include="src\runtime\renderer\shaders\forward\PBR_Model.glsl" />
    <None Include="src\runtime\renderer\shaders\forward\PBR_Terrain.glsl" />
    <None Include="src\runtime\renderer\shaders\post_process\bloom\Composite.glsl" />
    <None Include="src\runtime\renderer\shaders\post_process\chromatic_aberration\ChromaticAberration.glsl" />
    <None Include="src\runtime\renderer\shaders\post_process\Copy.glsl" />
    <None Include="src\runtime\renderer\shaders\post_process\film_grain\FilmGrain.glsl" />
    <None Include="src\runtime\renderer\shaders\post_process\fxaa\FXAA.glsl" />
    <None Include="src\runtime\renderer\shaders\LightProbe_Convolution.glsl" />
    <None Include="src\runtime\renderer\shaders\post_process\smaa\SMAA.glsl" />
    <None Include="src\runtime\renderer\shaders\post_process\vignette\Vignette.glsl" />
    <None Include="src\runtime\renderer\shaders\TonemapGammaCorrect.glsl" />
    <None Include="src\runtime\renderer\shaders\ReflectionProbe_ImportanceSampling.glsl" />
    <None Include="src\runtime\renderer\shaders\Shadowmap_Generation.glsl" />
    <None Include="src\runtime\renderer\shaders\Skybox.glsl" />
    <None Include="src\runtime\renderer\shaders\post_process\ssao\SSAO.glsl" />
    <None Include="src\runtime\renderer\shaders\post_process\ssao\SSAO_Blur.glsl" />
    <None Include="src\runtime\renderer\shaders\SSAO_Blur.glsl" />
    <None Include="src\runtime\renderer\shaders\SSAO.glsl" />
  </ItemGroup>
</Project>